
Microsoft Visual Studio Solution File, Format Version 12.00
# Visual Studio 2012
Project("{FAE04EC0-301F-11D3-BF4B-00C04F79EFBC}") = "DANI Server", "DANI Server\DANI Server.csproj", "{5A71B40C-3C2F-4E41-972F-EF9EA4384B3A}"
EndProject
Project("{FAE04EC0-301F-11D3-BF4B-00C04F79EFBC}") = "DANI Client", "DANI Client\DANI Client.csproj", "{934980B6-2FAC-41C8-A87C-2BA7999186CB}"
EndProject
Global
	GlobalSection(SolutionConfigurationPlatforms) = preSolution
		Debug|Any CPU = Debug|Any CPU
		Release|Any CPU = Release|Any CPU
	EndGlobalSection
	GlobalSection(ProjectConfigurationPlatforms) = postSolution
		{5A71B40C-3C2F-4E41-972F-EF9EA4384B3A}.Debug|Any CPU.ActiveCfg = Debug|Any CPU
		{5A71B40C-3C2F-4E41-972F-EF9EA4384B3A}.Debug|Any CPU.Build.0 = Debug|Any CPU
		{5A71B40C-3C2F-4E41-972F-EF9EA4384B3A}.Release|Any CPU.ActiveCfg = Release|Any CPU
		{5A71B40C-3C2F-4E41-972F-EF9EA4384B3A}.Release|Any CPU.Build.0 = Release|Any CPU
		{934980B6-2FAC-41C8-A87C-2BA7999186CB}.Debug|Any CPU.ActiveCfg = Debug|Any CPU
		{934980B6-2FAC-41C8-A87C-2BA7999186CB}.Debug|Any CPU.Build.0 = Debug|Any CPU
		{934980B6-2FAC-41C8-A87C-2BA7999186CB}.Release|Any CPU.ActiveCfg = Release|Any CPU
		{934980B6-2FAC-41C8-A87C-2BA7999186CB}.Release|Any CPU.Build.0 = Release|Any CPU
	EndGlobalSection
	GlobalSection(SolutionProperties) = preSolution
		HideSolutionNode = FALSE
	EndGlobalSection
EndGlobal
